
Microsoft Visual Studio Solution File, Format Version 12.00
# Visual Studio Version 16
VisualStudioVersion = 16.0.29806.167
MinimumVisualStudioVersion = 10.0.40219.1
Project("{FAE04EC0-301F-11D3-BF4B-00C04F79EFBC}") = "TestGitHub_Project_ConsoleApp", "TestGitHub_Project_ConsoleApp\TestGitHub_Project_ConsoleApp.csproj", "{CC2B68C8-9FD7-47F0-B328-FA7471C57144}"
EndProject
Global
	GlobalSection(SolutionConfigurationPlatforms) = preSolution
		Debug|Any CPU = Debug|Any CPU
		Release|Any CPU = Release|Any CPU
	EndGlobalSection
	GlobalSection(ProjectConfigurationPlatforms) = postSolution
		{CC2B68C8-9FD7-47F0-B328-FA7471C57144}.Debug|Any CPU.ActiveCfg = Debug|Any CPU
		{CC2B68C8-9FD7-47F0-B328-FA7471C57144}.Debug|Any CPU.Build.0 = Debug|Any CPU
		{CC2B68C8-9FD7-47F0-B328-FA7471C57144}.Release|Any CPU.ActiveCfg = Release|Any CPU
		{CC2B68C8-9FD7-47F0-B328-FA7471C57144}.Release|Any CPU.Build.0 = Release|Any CPU
	EndGlobalSection
	GlobalSection(SolutionProperties) = preSolution
		HideSolutionNode = FALSE
	EndGlobalSection
	GlobalSection(ExtensibilityGlobals) = postSolution
		SolutionGuid = {C49DC42E-2A07-4EFB-9130-A28B385B6BC0}
	EndGlobalSection
EndGlobal
